
Microsoft Visual Studio Solution File, Format Version 12.00
# Visual Studio 15
VisualStudioVersion = 15.0.27004.2010
MinimumVisualStudioVersion = 10.0.40219.1
Project("{FAE04EC0-301F-11D3-BF4B-00C04F79EFBC}") = "Day01", "Day01\Day01.csproj", "{F495FE0A-4F8E-432F-ACEB-B7F9FB07E63B}"
EndProject
Project("{FAE04EC0-301F-11D3-BF4B-00C04F79EFBC}") = "Common", "Common\Common.csproj", "{C7318788-F1AE-47CE-8784-E7235AE51099}"
EndProject
Project("{FAE04EC0-301F-11D3-BF4B-00C04F79EFBC}") = "Day02", "Day02\Day02.csproj", "{02FD5C30-74CE-4CE2-8F0F-7B1B647B738A}"
EndProject
Project("{FAE04EC0-301F-11D3-BF4B-00C04F79EFBC}") = "Day03", "Day03\Day03.csproj", "{52261581-61BE-443B-A8D4-89301B824A33}"
EndProject
Global
	GlobalSection(SolutionConfigurationPlatforms) = preSolution
		Debug|Any CPU = Debug|Any CPU
		Release|Any CPU = Release|Any CPU
	EndGlobalSection
	GlobalSection(ProjectConfigurationPlatforms) = postSolution
		{F495FE0A-4F8E-432F-ACEB-B7F9FB07E63B}.Debug|Any CPU.ActiveCfg = Debug|Any CPU
		{F495FE0A-4F8E-432F-ACEB-B7F9FB07E63B}.Debug|Any CPU.Build.0 = Debug|Any CPU
		{F495FE0A-4F8E-432F-ACEB-B7F9FB07E63B}.Release|Any CPU.ActiveCfg = Release|Any CPU
		{F495FE0A-4F8E-432F-ACEB-B7F9FB07E63B}.Release|Any CPU.Build.0 = Release|Any CPU
		{C7318788-F1AE-47CE-8784-E7235AE51099}.Debug|Any CPU.ActiveCfg = Debug|Any CPU
		{C7318788-F1AE-47CE-8784-E7235AE51099}.Debug|Any CPU.Build.0 = Debug|Any CPU
		{C7318788-F1AE-47CE-8784-E7235AE51099}.Release|Any CPU.ActiveCfg = Release|Any CPU
		{C7318788-F1AE-47CE-8784-E7235AE51099}.Release|Any CPU.Build.0 = Release|Any CPU
		{02FD5C30-74CE-4CE2-8F0F-7B1B647B738A}.Debug|Any CPU.ActiveCfg = Debug|Any CPU
		{02FD5C30-74CE-4CE2-8F0F-7B1B647B738A}.Debug|Any CPU.Build.0 = Debug|Any CPU
		{02FD5C30-74CE-4CE2-8F0F-7B1B647B738A}.Release|Any CPU.ActiveCfg = Release|Any CPU
		{02FD5C30-74CE-4CE2-8F0F-7B1B647B738A}.Release|Any CPU.Build.0 = Release|Any CPU
		{52261581-61BE-443B-A8D4-89301B824A33}.Debug|Any CPU.ActiveCfg = Debug|Any CPU
		{52261581-61BE-443B-A8D4-89301B824A33}.Debug|Any CPU.Build.0 = Debug|Any CPU
		{52261581-61BE-443B-A8D4-89301B824A33}.Release|Any CPU.ActiveCfg = Release|Any CPU
		{52261581-61BE-443B-A8D4-89301B824A33}.Release|Any CPU.Build.0 = Release|Any CPU
	EndGlobalSection
	GlobalSection(SolutionProperties) = preSolution
		HideSolutionNode = FALSE
	EndGlobalSection
	GlobalSection(ExtensibilityGlobals) = postSolution
		SolutionGuid = {76B17176-5AFA-49E8-AA4E-B68AC2EB9B55}
	EndGlobalSection
EndGlobal
