
Microsoft Visual Studio Solution File, Format Version 12.00
# Visual Studio 15
VisualStudioVersion = 15.0.27130.2010
MinimumVisualStudioVersion = 10.0.40219.1
Project("{9A19103F-16F7-4668-BE54-9A1E7A4F7556}") = "Day01", "Day01\Day01.csproj", "{F495FE0A-4F8E-432F-ACEB-B7F9FB07E63B}"
EndProject
Project("{9A19103F-16F7-4668-BE54-9A1E7A4F7556}") = "Common", "Common\Common.csproj", "{C7318788-F1AE-47CE-8784-E7235AE51099}"
EndProject
Project("{9A19103F-16F7-4668-BE54-9A1E7A4F7556}") = "Day02", "Day02\Day02.csproj", "{02FD5C30-74CE-4CE2-8F0F-7B1B647B738A}"
EndProject
Project("{9A19103F-16F7-4668-BE54-9A1E7A4F7556}") = "Day03", "Day03\Day03.csproj", "{52261581-61BE-443B-A8D4-89301B824A33}"
EndProject
Project("{9A19103F-16F7-4668-BE54-9A1E7A4F7556}") = "Day04", "Day04\Day04.csproj", "{3DD80B0E-95CB-45A3-8823-93231340E3D5}"
EndProject
Project("{9A19103F-16F7-4668-BE54-9A1E7A4F7556}") = "Day05", "Day05\Day05.csproj", "{94001AAC-B7B0-4318-8173-37CF32602596}"
EndProject
Project("{9A19103F-16F7-4668-BE54-9A1E7A4F7556}") = "Day06", "Day06\Day06.csproj", "{B06CD814-161B-40D7-9B2F-008960F909BA}"
EndProject
Project("{9A19103F-16F7-4668-BE54-9A1E7A4F7556}") = "Day07", "Day07\Day07.csproj", "{6DE96FDD-2F67-474C-B650-E3205A06DD68}"
EndProject
Project("{9A19103F-16F7-4668-BE54-9A1E7A4F7556}") = "Day08", "Day08\Day08.csproj", "{7980AC4D-104D-40AB-A34C-6C6FF32DF57B}"
EndProject
Project("{9A19103F-16F7-4668-BE54-9A1E7A4F7556}") = "Day09", "Day09\Day09.csproj", "{ED9C8C48-52A0-4F03-A193-FD9ECB36C519}"
EndProject
Project("{9A19103F-16F7-4668-BE54-9A1E7A4F7556}") = "Day10", "Day10\Day10.csproj", "{ECF4B3BE-AEBE-4489-ACE7-10FC26439D99}"
EndProject
Project("{9A19103F-16F7-4668-BE54-9A1E7A4F7556}") = "Day11", "Day11\Day11.csproj", "{34F0AC36-EC7B-4AB0-B2E1-2B1FBEAF8E8F}"
EndProject
Project("{9A19103F-16F7-4668-BE54-9A1E7A4F7556}") = "Day12", "Day12\Day12.csproj", "{EDAC72B4-73FD-4B61-8740-FE9B69F3203A}"
EndProject
Project("{9A19103F-16F7-4668-BE54-9A1E7A4F7556}") = "Day13", "Day13\Day13.csproj", "{1BDF9ADD-ADB5-44D9-BE91-ED4824F4EB93}"
EndProject
Project("{9A19103F-16F7-4668-BE54-9A1E7A4F7556}") = "Day14", "Day14\Day14.csproj", "{365DD2AD-977F-42C0-82BB-B4A1708E091D}"
EndProject
Project("{9A19103F-16F7-4668-BE54-9A1E7A4F7556}") = "Day15", "Day15\Day15.csproj", "{2E196D87-0290-4580-8391-48AFE945CAAF}"
EndProject
Project("{FAE04EC0-301F-11D3-BF4B-00C04F79EFBC}") = "Day16", "Day16\Day16.csproj", "{C7E9FB8E-7B9D-4858-84D1-83ADB60F781A}"
EndProject
Global
	GlobalSection(SolutionConfigurationPlatforms) = preSolution
		Debug|Any CPU = Debug|Any CPU
		Release|Any CPU = Release|Any CPU
	EndGlobalSection
	GlobalSection(ProjectConfigurationPlatforms) = postSolution
		{F495FE0A-4F8E-432F-ACEB-B7F9FB07E63B}.Debug|Any CPU.ActiveCfg = Debug|Any CPU
		{F495FE0A-4F8E-432F-ACEB-B7F9FB07E63B}.Debug|Any CPU.Build.0 = Debug|Any CPU
		{F495FE0A-4F8E-432F-ACEB-B7F9FB07E63B}.Release|Any CPU.ActiveCfg = Release|Any CPU
		{F495FE0A-4F8E-432F-ACEB-B7F9FB07E63B}.Release|Any CPU.Build.0 = Release|Any CPU
		{C7318788-F1AE-47CE-8784-E7235AE51099}.Debug|Any CPU.ActiveCfg = Debug|Any CPU
		{C7318788-F1AE-47CE-8784-E7235AE51099}.Debug|Any CPU.Build.0 = Debug|Any CPU
		{C7318788-F1AE-47CE-8784-E7235AE51099}.Release|Any CPU.ActiveCfg = Release|Any CPU
		{C7318788-F1AE-47CE-8784-E7235AE51099}.Release|Any CPU.Build.0 = Release|Any CPU
		{02FD5C30-74CE-4CE2-8F0F-7B1B647B738A}.Debug|Any CPU.ActiveCfg = Debug|Any CPU
		{02FD5C30-74CE-4CE2-8F0F-7B1B647B738A}.Debug|Any CPU.Build.0 = Debug|Any CPU
		{02FD5C30-74CE-4CE2-8F0F-7B1B647B738A}.Release|Any CPU.ActiveCfg = Release|Any CPU
		{02FD5C30-74CE-4CE2-8F0F-7B1B647B738A}.Release|Any CPU.Build.0 = Release|Any CPU
		{52261581-61BE-443B-A8D4-89301B824A33}.Debug|Any CPU.ActiveCfg = Debug|Any CPU
		{52261581-61BE-443B-A8D4-89301B824A33}.Debug|Any CPU.Build.0 = Debug|Any CPU
		{52261581-61BE-443B-A8D4-89301B824A33}.Release|Any CPU.ActiveCfg = Release|Any CPU
		{52261581-61BE-443B-A8D4-89301B824A33}.Release|Any CPU.Build.0 = Release|Any CPU
		{3DD80B0E-95CB-45A3-8823-93231340E3D5}.Debug|Any CPU.ActiveCfg = Debug|Any CPU
		{3DD80B0E-95CB-45A3-8823-93231340E3D5}.Debug|Any CPU.Build.0 = Debug|Any CPU
		{3DD80B0E-95CB-45A3-8823-93231340E3D5}.Release|Any CPU.ActiveCfg = Release|Any CPU
		{3DD80B0E-95CB-45A3-8823-93231340E3D5}.Release|Any CPU.Build.0 = Release|Any CPU
		{94001AAC-B7B0-4318-8173-37CF32602596}.Debug|Any CPU.ActiveCfg = Debug|Any CPU
		{94001AAC-B7B0-4318-8173-37CF32602596}.Debug|Any CPU.Build.0 = Debug|Any CPU
		{94001AAC-B7B0-4318-8173-37CF32602596}.Release|Any CPU.ActiveCfg = Release|Any CPU
		{94001AAC-B7B0-4318-8173-37CF32602596}.Release|Any CPU.Build.0 = Release|Any CPU
		{B06CD814-161B-40D7-9B2F-008960F909BA}.Debug|Any CPU.ActiveCfg = Debug|Any CPU
		{B06CD814-161B-40D7-9B2F-008960F909BA}.Debug|Any CPU.Build.0 = Debug|Any CPU
		{B06CD814-161B-40D7-9B2F-008960F909BA}.Release|Any CPU.ActiveCfg = Release|Any CPU
		{B06CD814-161B-40D7-9B2F-008960F909BA}.Release|Any CPU.Build.0 = Release|Any CPU
		{6DE96FDD-2F67-474C-B650-E3205A06DD68}.Debug|Any CPU.ActiveCfg = Debug|Any CPU
		{6DE96FDD-2F67-474C-B650-E3205A06DD68}.Debug|Any CPU.Build.0 = Debug|Any CPU
		{6DE96FDD-2F67-474C-B650-E3205A06DD68}.Release|Any CPU.ActiveCfg = Release|Any CPU
		{6DE96FDD-2F67-474C-B650-E3205A06DD68}.Release|Any CPU.Build.0 = Release|Any CPU
		{7980AC4D-104D-40AB-A34C-6C6FF32DF57B}.Debug|Any CPU.ActiveCfg = Debug|Any CPU
		{7980AC4D-104D-40AB-A34C-6C6FF32DF57B}.Debug|Any CPU.Build.0 = Debug|Any CPU
		{7980AC4D-104D-40AB-A34C-6C6FF32DF57B}.Release|Any CPU.ActiveCfg = Release|Any CPU
		{7980AC4D-104D-40AB-A34C-6C6FF32DF57B}.Release|Any CPU.Build.0 = Release|Any CPU
		{ED9C8C48-52A0-4F03-A193-FD9ECB36C519}.Debug|Any CPU.ActiveCfg = Debug|Any CPU
		{ED9C8C48-52A0-4F03-A193-FD9ECB36C519}.Debug|Any CPU.Build.0 = Debug|Any CPU
		{ED9C8C48-52A0-4F03-A193-FD9ECB36C519}.Release|Any CPU.ActiveCfg = Release|Any CPU
		{ED9C8C48-52A0-4F03-A193-FD9ECB36C519}.Release|Any CPU.Build.0 = Release|Any CPU
		{ECF4B3BE-AEBE-4489-ACE7-10FC26439D99}.Debug|Any CPU.ActiveCfg = Debug|Any CPU
		{ECF4B3BE-AEBE-4489-ACE7-10FC26439D99}.Debug|Any CPU.Build.0 = Debug|Any CPU
		{ECF4B3BE-AEBE-4489-ACE7-10FC26439D99}.Release|Any CPU.ActiveCfg = Release|Any CPU
		{ECF4B3BE-AEBE-4489-ACE7-10FC26439D99}.Release|Any CPU.Build.0 = Release|Any CPU
		{34F0AC36-EC7B-4AB0-B2E1-2B1FBEAF8E8F}.Debug|Any CPU.ActiveCfg = Debug|Any CPU
		{34F0AC36-EC7B-4AB0-B2E1-2B1FBEAF8E8F}.Debug|Any CPU.Build.0 = Debug|Any CPU
		{34F0AC36-EC7B-4AB0-B2E1-2B1FBEAF8E8F}.Release|Any CPU.ActiveCfg = Release|Any CPU
		{34F0AC36-EC7B-4AB0-B2E1-2B1FBEAF8E8F}.Release|Any CPU.Build.0 = Release|Any CPU
		{EDAC72B4-73FD-4B61-8740-FE9B69F3203A}.Debug|Any CPU.ActiveCfg = Debug|Any CPU
		{EDAC72B4-73FD-4B61-8740-FE9B69F3203A}.Debug|Any CPU.Build.0 = Debug|Any CPU
		{EDAC72B4-73FD-4B61-8740-FE9B69F3203A}.Release|Any CPU.ActiveCfg = Release|Any CPU
		{EDAC72B4-73FD-4B61-8740-FE9B69F3203A}.Release|Any CPU.Build.0 = Release|Any CPU
		{1BDF9ADD-ADB5-44D9-BE91-ED4824F4EB93}.Debug|Any CPU.ActiveCfg = Debug|Any CPU
		{1BDF9ADD-ADB5-44D9-BE91-ED4824F4EB93}.Debug|Any CPU.Build.0 = Debug|Any CPU
		{1BDF9ADD-ADB5-44D9-BE91-ED4824F4EB93}.Release|Any CPU.ActiveCfg = Release|Any CPU
		{1BDF9ADD-ADB5-44D9-BE91-ED4824F4EB93}.Release|Any CPU.Build.0 = Release|Any CPU
		{365DD2AD-977F-42C0-82BB-B4A1708E091D}.Debug|Any CPU.ActiveCfg = Debug|Any CPU
		{365DD2AD-977F-42C0-82BB-B4A1708E091D}.Debug|Any CPU.Build.0 = Debug|Any CPU
		{365DD2AD-977F-42C0-82BB-B4A1708E091D}.Release|Any CPU.ActiveCfg = Release|Any CPU
		{365DD2AD-977F-42C0-82BB-B4A1708E091D}.Release|Any CPU.Build.0 = Release|Any CPU
		{2E196D87-0290-4580-8391-48AFE945CAAF}.Debug|Any CPU.ActiveCfg = Debug|Any CPU
		{2E196D87-0290-4580-8391-48AFE945CAAF}.Debug|Any CPU.Build.0 = Debug|Any CPU
		{2E196D87-0290-4580-8391-48AFE945CAAF}.Release|Any CPU.ActiveCfg = Release|Any CPU
		{2E196D87-0290-4580-8391-48AFE945CAAF}.Release|Any CPU.Build.0 = Release|Any CPU
		{C7E9FB8E-7B9D-4858-84D1-83ADB60F781A}.Debug|Any CPU.ActiveCfg = Debug|Any CPU
		{C7E9FB8E-7B9D-4858-84D1-83ADB60F781A}.Debug|Any CPU.Build.0 = Debug|Any CPU
		{C7E9FB8E-7B9D-4858-84D1-83ADB60F781A}.Release|Any CPU.ActiveCfg = Release|Any CPU
		{C7E9FB8E-7B9D-4858-84D1-83ADB60F781A}.Release|Any CPU.Build.0 = Release|Any CPU
	EndGlobalSection
	GlobalSection(SolutionProperties) = preSolution
		HideSolutionNode = FALSE
	EndGlobalSection
	GlobalSection(ExtensibilityGlobals) = postSolution
		SolutionGuid = {76B17176-5AFA-49E8-AA4E-B68AC2EB9B55}
	EndGlobalSection
EndGlobal
